
Microsoft Visual Studio Solution File, Format Version 12.00
# Visual Studio Version 17
VisualStudioVersion = 17.9.34728.123
MinimumVisualStudioVersion = 10.0.40219.1
Project("{FAE04EC0-301F-11D3-BF4B-00C04F79EFBC}") = "CarSalesAndInventoryManagementSystem", "CarSalesAndInventoryManagementSystem\CarSalesAndInventoryManagementSystem.csproj", "{21D9F555-1E8F-4DD4-BC23-3F90652D5BF1}"
EndProject
Global
	GlobalSection(SolutionConfigurationPlatforms) = preSolution
		Debug|Any CPU = Debug|Any CPU
		Release|Any CPU = Release|Any CPU
	EndGlobalSection
	GlobalSection(ProjectConfigurationPlatforms) = postSolution
		{21D9F555-1E8F-4DD4-BC23-3F90652D5BF1}.Debug|Any CPU.ActiveCfg = Debug|Any CPU
		{21D9F555-1E8F-4DD4-BC23-3F90652D5BF1}.Debug|Any CPU.Build.0 = Debug|Any CPU
		{21D9F555-1E8F-4DD4-BC23-3F90652D5BF1}.Release|Any CPU.ActiveCfg = Release|Any CPU
		{21D9F555-1E8F-4DD4-BC23-3F90652D5BF1}.Release|Any CPU.Build.0 = Release|Any CPU
	EndGlobalSection
	GlobalSection(SolutionProperties) = preSolution
		HideSolutionNode = FALSE
	EndGlobalSection
	GlobalSection(ExtensibilityGlobals) = postSolution
		SolutionGuid = {612403AF-BF85-4CB7-9D95-9AC45585AE17}
	EndGlobalSection
EndGlobal
